
Microsoft Visual Studio Solution File, Format Version 12.00
# Visual Studio Version 16
VisualStudioVersion = 16.0.30804.86
MinimumVisualStudioVersion = 10.0.40219.1
Project("{FAE04EC0-301F-11D3-BF4B-00C04F79EFBC}") = "CrochetDiagramMaker", "CrochetDiagramMaker\CrochetDiagramMaker.csproj", "{F426FE22-921A-4E56-B520-3E62F6351022}"
EndProject
Global
	GlobalSection(SolutionConfigurationPlatforms) = preSolution
		Debug|Any CPU = Debug|Any CPU
		Release|Any CPU = Release|Any CPU
	EndGlobalSection
	GlobalSection(ProjectConfigurationPlatforms) = postSolution
		{F426FE22-921A-4E56-B520-3E62F6351022}.Debug|Any CPU.ActiveCfg = Debug|Any CPU
		{F426FE22-921A-4E56-B520-3E62F6351022}.Debug|Any CPU.Build.0 = Debug|Any CPU
		{F426FE22-921A-4E56-B520-3E62F6351022}.Release|Any CPU.ActiveCfg = Release|Any CPU
		{F426FE22-921A-4E56-B520-3E62F6351022}.Release|Any CPU.Build.0 = Release|Any CPU
	EndGlobalSection
	GlobalSection(SolutionProperties) = preSolution
		HideSolutionNode = FALSE
	EndGlobalSection
	GlobalSection(ExtensibilityGlobals) = postSolution
		SolutionGuid = {C29BF766-414E-443C-B0D8-41F2A36A16C2}
	EndGlobalSection
EndGlobal
